version = 1
revision = 3
requires-python = ">=3.11"

[[package]]
name = "colorama"
version = "0.4.6"
source = { registry = "https://pypi.org/simple" }
sdist = { url = "https://files.pythonhosted.org/packages/d8/53/6f443c9a4a8358a93a6792e2acffb9d9d5cb0a5cfd8802644b7b1c9a02e4/colorama-0.4.6.tar.gz", hash = "sha256:08695f5cb7ed6e0531a20572697297273c47b8cae5a63ffc6d6ed5c201be6e44", size = 27697, upload-time = "2022-10-25T02:36:22.414Z" }
wheels = [
    { url = "https://files.pythonhosted.org/packages/d1/d6/3965ed04c63042e047cb6a3e6ed1a63a35087b6a609aa3a15ed8ac56c221/colorama-0.4.6-py2.py3-none-any.whl", hash = "sha256:4f1d9991f5acc0ca119f9d443620b77f9d6b33703e51011c16baf57afb285fc6", size = 25335, upload-time = "2022-10-25T02:36:20.889Z" },
]

[[package]]
name = "iniconfig"
version = "2.1.0"
source = { registry = "https://pypi.org/simple" }
sdist = { url = "https://files.pythonhosted.org/packages/f2/97/ebf4da567aa6827c909642694d71c9fcf53e5b504f2d96afea02718862f3/iniconfig-2.1.0.tar.gz", hash = "sha256:3abbd2e30b36733fee78f9c7f7308f2d0050e88f0087fd25c2645f63c773e1c7", size = 4793, upload-time = "2025-03-19T20:09:59.721Z" }
wheels = [
    { url = "https://files.pythonhosted.org/packages/2c/e1/e6716421ea10d38022b952c159d5161ca1193197fb744506875fbb87ea7b/iniconfig-2.1.0-py3-none-any.whl", hash = "sha256:9deba5723312380e77435581c6bf4935c94cbfab9b1ed33ef8d238ea168eb760", size = 6050, upload-time = "2025-03-19T20:10:01.071Z" },
]

[[package]]
name = "packaging"
version = "25.0"
source = { registry = "https://pypi.org/simple" }
sdist = { url = "https://files.pythonhosted.org/packages/a1/d4/1fc4078c65507b51b96ca8f8c3ba19e6a61c8253c72794544580a7b6c24d/packaging-25.0.tar.gz", hash = "sha256:d443872c98d677bf60f6a1f2f8c1cb748e8fe762d2bf9d3148b5599295b0fc4f", size = 165727, upload-time = "2025-04-19T11:48:59.673Z" }
wheels = [
    { url = "https://files.pythonhosted.org/packages/20/12/38679034af332785aac8774540895e234f4d07f7545804097de4b666afd8/packaging-25.0-py3-none-any.whl", hash = "sha256:29572ef2b1f17581046b3a2227d5c611fb25ec70ca1ba8554b24b0e69331a484", size = 66469, upload-time = "2025-04-19T11:48:57.875Z" },
]

[[package]]
name = "pieraknet"
version = "3.0.0"
source = { editable = "." }

[package.dev-dependencies]
dev = [
    { name = "pytest" },
    { name = "pytest-asyncio" },
    { name = "ruff" },
    { name = "ty" },
    { name = "uv" },
]

[package.metadata]

[package.metadata.requires-dev]
dev = [
    { name = "pytest", specifier = ">=8.4.2" },
    { name = "pytest-asyncio", specifier = ">=1.2.0" },
    { name = "ruff", specifier = ">=0.14.0" },
    { name = "ty", specifier = ">=0.0.1a23" },
    { name = "uv", specifier = ">=0.9.3" },
]

[[package]]
name = "pluggy"
version = "1.6.0"
source = { registry = "https://pypi.org/simple" }
sdist = { url = "https://files.pythonhosted.org/packages/f9/e2/3e91f31a7d2b083fe6ef3fa267035b518369d9511ffab804f839851d2779/pluggy-1.6.0.tar.gz", hash = "sha256:7dcc130b76258d33b90f61b658791dede3486c3e6bfb003ee5c9bfb396dd22f3", size = 69412, upload-time = "2025-05-15T12:30:07.975Z" }
wheels = [
    { url = "https://files.pythonhosted.org/packages/54/20/4d324d65cc6d9205fabedc306948156824eb9f0ee1633355a8f7ec5c66bf/pluggy-1.6.0-py3-none-any.whl", hash = "sha256:e920276dd6813095e9377c0bc5566d94c932c33b27a3e3945d8389c374dd4746", size = 20538, upload-time = "2025-05-15T12:30:06.134Z" },
]

[[package]]
name = "pygments"
version = "2.19.2"
source = { registry = "https://pypi.org/simple" }
sdist = { url = "https://files.pythonhosted.org/packages/b0/77/a5b8c569bf593b0140bde72ea885a803b82086995367bf2037de0159d924/pygments-2.19.2.tar.gz", hash = "sha256:636cb2477cec7f8952536970bc533bc43743542f70392ae026374600add5b887", size = 4968631, upload-time = "2025-06-21T13:39:12.283Z" }
wheels = [
    { url = "https://files.pythonhosted.org/packages/c7/21/705964c7812476f378728bdf590ca4b771ec72385c533964653c68e86bdc/pygments-2.19.2-py3-none-any.whl", hash = "sha256:86540386c03d588bb81d44bc3928634ff26449851e99741617ecb9037ee5ec0b", size = 1225217, upload-time = "2025-06-21T13:39:07.939Z" },
]

[[package]]
name = "pytest"
version = "8.4.2"
source = { registry = "https://pypi.org/simple" }
dependencies = [
    { name = "colorama", marker = "sys_platform == 'win32'" },
    { name = "iniconfig" },
    { name = "packaging" },
    { name = "pluggy" },
    { name = "pygments" },
]
sdist = { url = "https://files.pythonhosted.org/packages/a3/5c/00a0e072241553e1a7496d638deababa67c5058571567b92a7eaa258397c/pytest-8.4.2.tar.gz", hash = "sha256:86c0d0b93306b961d58d62a4db4879f27fe25513d4b969df351abdddb3c30e01", size = 1519618, upload-time = "2025-09-04T14:34:22.711Z" }
wheels = [
    { url = "https://files.pythonhosted.org/packages/a8/a4/20da314d277121d6534b3a980b29035dcd51e6744bd79075a6ce8fa4eb8d/pytest-8.4.2-py3-none-any.whl", hash = "sha256:872f880de3fc3a5bdc88a11b39c9710c3497a547cfa9320bc3c5e62fbf272e79", size = 365750, upload-time = "2025-09-04T14:34:20.226Z" },
]

[[package]]
name = "pytest-asyncio"
version = "1.2.0"
source = { registry = "https://pypi.org/simple" }
dependencies = [
    { name = "pytest" },
    { name = "typing-extensions", marker = "python_full_version < '3.13'" },
]
sdist = { url = "https://files.pythonhosted.org/packages/42/86/9e3c5f48f7b7b638b216e4b9e645f54d199d7abbbab7a64a13b4e12ba10f/pytest_asyncio-1.2.0.tar.gz", hash = "sha256:c609a64a2a8768462d0c99811ddb8bd2583c33fd33cf7f21af1c142e824ffb57", size = 50119, upload-time = "2025-09-12T07:33:53.816Z" }
wheels = [
    { url = "https://files.pythonhosted.org/packages/04/93/2fa34714b7a4ae72f2f8dad66ba17dd9a2c793220719e736dda28b7aec27/pytest_asyncio-1.2.0-py3-none-any.whl", hash = "sha256:8e17ae5e46d8e7efe51ab6494dd2010f4ca8dae51652aa3c8d55acf50bfb2e99", size = 15095, upload-time = "2025-09-12T07:33:52.639Z" },
]

[[package]]
name = "ruff"
version = "0.14.0"
source = { registry = "https://pypi.org/simple" }
sdist = { url = "https://files.pythonhosted.org/packages/41/b9/9bd84453ed6dd04688de9b3f3a4146a1698e8faae2ceeccce4e14c67ae17/ruff-0.14.0.tar.gz", hash = "sha256:62ec8969b7510f77945df916de15da55311fade8d6050995ff7f680afe582c57", size = 5452071, upload-time = "2025-10-07T18:21:55.763Z" }
wheels = [
    { url = "https://files.pythonhosted.org/packages/3a/4e/79d463a5f80654e93fa653ebfb98e0becc3f0e7cf6219c9ddedf1e197072/ruff-0.14.0-py3-none-linux_armv6l.whl", hash = "sha256:58e15bffa7054299becf4bab8a1187062c6f8cafbe9f6e39e0d5aface455d6b3", size = 12494532, upload-time = "2025-10-07T18:21:00.373Z" },
    { url = "https://files.pythonhosted.org/packages/ee/40/e2392f445ed8e02aa6105d49db4bfff01957379064c30f4811c3bf38aece/ruff-0.14.0-py3-none-macosx_10_12_x86_64.whl", hash = "sha256:838d1b065f4df676b7c9957992f2304e41ead7a50a568185efd404297d5701e8", size = 13160768, upload-time = "2025-10-07T18:21:04.73Z" },
    { url = "https://files.pythonhosted.org/packages/75/da/2a656ea7c6b9bd14c7209918268dd40e1e6cea65f4bb9880eaaa43b055cd/ruff-0.14.0-py3-none-macosx_11_0_arm64.whl", hash = "sha256:703799d059ba50f745605b04638fa7e9682cc3da084b2092feee63500ff3d9b8", size = 12363376, upload-time = "2025-10-07T18:21:07.833Z" },
    { url = "https://files.pythonhosted.org/packages/42/e2/1ffef5a1875add82416ff388fcb7ea8b22a53be67a638487937aea81af27/ruff-0.14.0-py3-none-manylinux_2_17_aarch64.manylinux2014_aarch64.whl", hash = "sha256:3ba9a8925e90f861502f7d974cc60e18ca29c72bb0ee8bfeabb6ade35a3abde7", size = 12608055, upload-time = "2025-10-07T18:21:10.72Z" },
    { url = "https://files.pythonhosted.org/packages/4a/32/986725199d7cee510d9f1dfdf95bf1efc5fa9dd714d0d85c1fb1f6be3bc3/ruff-0.14.0-py3-none-manylinux_2_17_armv7l.manylinux2014_armv7l.whl", hash = "sha256:e41f785498bd200ffc276eb9e1570c019c1d907b07cfb081092c8ad51975bbe7", size = 12318544, upload-time = "2025-10-07T18:21:13.741Z" },
    { url = "https://files.pythonhosted.org/packages/9a/ed/4969cefd53315164c94eaf4da7cfba1f267dc275b0abdd593d11c90829a3/ruff-0.14.0-py3-none-manylinux_2_17_i686.manylinux2014_i686.whl", hash = "sha256:30a58c087aef4584c193aebf2700f0fbcfc1e77b89c7385e3139956fa90434e2", size = 14001280, upload-time = "2025-10-07T18:21:16.411Z" },
    { url = "https://files.pythonhosted.org/packages/ab/ad/96c1fc9f8854c37681c9613d825925c7f24ca1acfc62a4eb3896b50bacd2/ruff-0.14.0-py3-none-manylinux_2_17_ppc64.manylinux2014_ppc64.whl", hash = "sha256:f8d07350bc7af0a5ce8812b7d5c1a7293cf02476752f23fdfc500d24b79b783c", size = 15027286, upload-time = "2025-10-07T18:21:19.577Z" },
    { url = "https://files.pythonhosted.org/packages/b3/00/1426978f97df4fe331074baf69615f579dc4e7c37bb4c6f57c2aad80c87f/ruff-0.14.0-py3-none-manylinux_2_17_ppc64le.manylinux2014_ppc64le.whl", hash = "sha256:eec3bbbf3a7d5482b5c1f42d5fc972774d71d107d447919fca620b0be3e3b75e", size = 14451506, upload-time = "2025-10-07T18:21:22.779Z" },
    { url = "https://files.pythonhosted.org/packages/58/d5/9c1cea6e493c0cf0647674cca26b579ea9d2a213b74b5c195fbeb9678e15/ruff-0.14.0-py3-none-manylinux_2_17_s390x.manylinux2014_s390x.whl", hash = "sha256:16b68e183a0e28e5c176d51004aaa40559e8f90065a10a559176713fcf435206", size = 13437384, upload-time = "2025-10-07T18:21:25.758Z" },
    { url = "https://files.pythonhosted.org/packages/29/b4/4cd6a4331e999fc05d9d77729c95503f99eae3ba1160469f2b64866964e3/ruff-0.14.0-py3-none-manylinux_2_17_x86_64.manylinux2014_x86_64.whl", hash = "sha256:eb732d17db2e945cfcbbc52af0143eda1da36ca8ae25083dd4f66f1542fdf82e", size = 13447976, upload-time = "2025-10-07T18:21:28.83Z" },
    { url = "https://files.pythonhosted.org/packages/3b/c0/ac42f546d07e4f49f62332576cb845d45c67cf5610d1851254e341d563b6/ruff-0.14.0-py3-none-manylinux_2_31_riscv64.whl", hash = "sha256:c958f66ab884b7873e72df38dcabee03d556a8f2ee1b8538ee1c2bbd619883dd", size = 13682850, upload-time = "2025-10-07T18:21:31.842Z" },
    { url = "https://files.pythonhosted.org/packages/5f/c4/4b0c9bcadd45b4c29fe1af9c5d1dc0ca87b4021665dfbe1c4688d407aa20/ruff-0.14.0-py3-none-musllinux_1_2_aarch64.whl", hash = "sha256:7eb0499a2e01f6e0c285afc5bac43ab380cbfc17cd43a2e1dd10ec97d6f2c42d", size = 12449825, upload-time = "2025-10-07T18:21:35.074Z" },
    { url = "https://files.pythonhosted.org/packages/4b/a8/e2e76288e6c16540fa820d148d83e55f15e994d852485f221b9524514730/ruff-0.14.0-py3-none-musllinux_1_2_armv7l.whl", hash = "sha256:4c63b2d99fafa05efca0ab198fd48fa6030d57e4423df3f18e03aa62518c565f", size = 12272599, upload-time = "2025-10-07T18:21:38.08Z" },
    { url = "https://files.pythonhosted.org/packages/18/14/e2815d8eff847391af632b22422b8207704222ff575dec8d044f9ab779b2/ruff-0.14.0-py3-none-musllinux_1_2_i686.whl", hash = "sha256:668fce701b7a222f3f5327f86909db2bbe99c30877c8001ff934c5413812ac02", size = 13193828, upload-time = "2025-10-07T18:21:41.216Z" },
    { url = "https://files.pythonhosted.org/packages/44/c6/61ccc2987cf0aecc588ff8f3212dea64840770e60d78f5606cd7dc34de32/ruff-0.14.0-py3-none-musllinux_1_2_x86_64.whl", hash = "sha256:a86bf575e05cb68dcb34e4c7dfe1064d44d3f0c04bbc0491949092192b515296", size = 13628617, upload-time = "2025-10-07T18:21:44.04Z" },
    { url = "https://files.pythonhosted.org/packages/73/e6/03b882225a1b0627e75339b420883dc3c90707a8917d2284abef7a58d317/ruff-0.14.0-py3-none-win32.whl", hash = "sha256:7450a243d7125d1c032cb4b93d9625dea46c8c42b4f06c6b709baac168e10543", size = 12367872, upload-time = "2025-10-07T18:21:46.67Z" },
    { url = "https://files.pythonhosted.org/packages/41/77/56cf9cf01ea0bfcc662de72540812e5ba8e9563f33ef3d37ab2174892c47/ruff-0.14.0-py3-none-win_amd64.whl", hash = "sha256:ea95da28cd874c4d9c922b39381cbd69cb7e7b49c21b8152b014bd4f52acddc2", size = 13464628, upload-time = "2025-10-07T18:21:50.318Z" },
    { url = "https://files.pythonhosted.org/packages/c6/2a/65880dfd0e13f7f13a775998f34703674a4554906167dce02daf7865b954/ruff-0.14.0-py3-none-win_arm64.whl", hash = "sha256:f42c9495f5c13ff841b1da4cb3c2a42075409592825dada7c5885c2c844ac730", size = 12565142, upload-time = "2025-10-07T18:21:53.577Z" },
]

[[package]]
name = "ty"
version = "0.0.1a23"
source = { registry = "https://pypi.org/simple" }
sdist = { url = "https://files.pythonhosted.org/packages/5f/98/e9c6cc74e7f81d49f1c06db3a455a5bff6d9e47b73408d053e81daef77fb/ty-0.0.1a23.tar.gz", hash = "sha256:d3b4a81b47f306f571fd99bc71a4fa5607eae61079a18e77fadcf8401b19a6c9", size = 4360335, upload-time = "2025-10-16T18:18:59.475Z" }
wheels = [
    { url = "https://files.pythonhosted.org/packages/9c/45/d662cd4c0c5f6254c4ff0d05edad9cbbac23e01bb277602eaed276bb53ba/ty-0.0.1a23-py3-none-linux_armv6l.whl", hash = "sha256:7c76debd57623ac8712a9d2a32529a2b98915434aa3521cab92318bfe3f34dfc", size = 8735928, upload-time = "2025-10-16T18:18:23.161Z" },
    { url = "https://files.pythonhosted.org/packages/db/89/8aa7c303a55181fc121ecce143464a156b51f03481607ef0f58f67dc936c/ty-0.0.1a23-py3-none-macosx_10_12_x86_64.whl", hash = "sha256:1d9b63c72cb94bcfe8f36b4527fd18abc46bdecc8f774001bcf7a8dd83e8c81a", size = 8584084, upload-time = "2025-10-16T18:18:25.579Z" },
    { url = "https://files.pythonhosted.org/packages/02/43/7a3bec50f440028153c0ee0044fd47e409372d41012f5f6073103a90beac/ty-0.0.1a23-py3-none-macosx_11_0_arm64.whl", hash = "sha256:1a875135cdb77b60280eb74d3c97ce3c44f872bf4176f5e71602a0a9401341ca", size = 8061268, upload-time = "2025-10-16T18:18:27.668Z" },
    { url = "https://files.pythonhosted.org/packages/7c/c2/75ddb10084cc7da8de077ae09fe5d8d76fec977c2ab71929c21b6fea622f/ty-0.0.1a23-py3-none-manylinux_2_17_aarch64.manylinux2014_aarch64.whl", hash = "sha256:9ddf5f4d057a023409a926e3be5ba0388aa8c93a01ddc6c87cca03af22c78a0c", size = 8319954, upload-time = "2025-10-16T18:18:29.54Z" },
    { url = "https://files.pythonhosted.org/packages/b2/57/0762763e9a29a1bd393b804a950c03d9ceb18aaf5e5baa7122afc50c2387/ty-0.0.1a23-py3-none-manylinux_2_17_armv7l.manylinux2014_armv7l.whl", hash = "sha256:ad89d894ef414d5607c3611ab68298581a444fd51570e0e4facdd7c8e8856748", size = 8550745, upload-time = "2025-10-16T18:18:31.548Z" },
    { url = "https://files.pythonhosted.org/packages/89/0a/855ca77e454955acddba2149ad7fe20fd24946289b8fd1d66b025b2afef1/ty-0.0.1a23-py3-none-manylinux_2_17_i686.manylinux2014_i686.whl", hash = "sha256:6306ad146748390675871b0c7731e595ceb2241724bc7d2d46e56f392949fbb9", size = 8899930, upload-time = "2025-10-16T18:18:34.003Z" },
    { url = "https://files.pythonhosted.org/packages/ad/f0/9282da70da435d1890c5b1dff844a3139fc520d0a61747bb1e84fbf311d5/ty-0.0.1a23-py3-none-manylinux_2_17_ppc64.manylinux2014_ppc64.whl", hash = "sha256:fa2155c0a66faeb515b88d7dc6b9f3fb393373798e97c01f05b1436c60d2c6b1", size = 9561714, upload-time = "2025-10-16T18:18:36.238Z" },
    { url = "https://files.pythonhosted.org/packages/b8/95/ffea2138629875a2083ccc64cc80585ecf0e487500835fe7c1b6f6305bf8/ty-0.0.1a23-py3-none-manylinux_2_17_ppc64le.manylinux2014_ppc64le.whl", hash = "sha256:d7d75d1f264afbe9a294d88e1e7736c003567a74f3a433c72231c36999a61e42", size = 9231064, upload-time = "2025-10-16T18:18:38.877Z" },
    { url = "https://files.pythonhosted.org/packages/ff/92/dac340d2d10e81788801e7580bad0168b190ba5a5c6cf6e4f798e094ee80/ty-0.0.1a23-py3-none-manylinux_2_17_s390x.manylinux2014_s390x.whl", hash = "sha256:af8eb2341e804f8e1748b6d638a314102020dca5591cacae67fe420211d59369", size = 9428468, upload-time = "2025-10-16T18:18:40.984Z" },
    { url = "https://files.pythonhosted.org/packages/37/21/d376393ecaf26cb84aa475f46137a59ae6d50508acbf1a044d414d8f6d47/ty-0.0.1a23-py3-none-manylinux_2_17_x86_64.manylinux2014_x86_64.whl", hash = "sha256:e7516ee783ba3eba373fb82db8b989a14ed8620a45a9bb6e3a90571bc83b3e2a", size = 8880687, upload-time = "2025-10-16T18:18:43.34Z" },
    { url = "https://files.pythonhosted.org/packages/fd/f4/7cf58a02e0a8d062dd20d7816396587faba9ddfe4098ee88bb6ee3c272d4/ty-0.0.1a23-py3-none-musllinux_1_2_aarch64.whl", hash = "sha256:6c8f9a861b51bbcf10f35d134a3c568a79a3acd3b0f2f1c004a2ccb00efdf7c1", size = 8281532, upload-time = "2025-10-16T18:18:45.806Z" },
    { url = "https://files.pythonhosted.org/packages/14/1b/ae616bbc4588b50ff1875588e734572a2b00102415e131bc20d794827865/ty-0.0.1a23-py3-none-musllinux_1_2_armv7l.whl", hash = "sha256:d44a7ca68f4e79e7f06f23793397edfa28c2ac38e1330bf7100dce93015e412a", size = 8579585, upload-time = "2025-10-16T18:18:47.638Z" },
    { url = "https://files.pythonhosted.org/packages/b5/0c/3f4fc4721eb34abd7d86b43958b741b73727c9003f9977bacc3c91b3d7ca/ty-0.0.1a23-py3-none-musllinux_1_2_i686.whl", hash = "sha256:80a6818b22b25a27d5761a3cf377784f07d7a799f24b3ebcf9b4144b35b88871", size = 8675719, upload-time = "2025-10-16T18:18:49.536Z" },
    { url = "https://files.pythonhosted.org/packages/60/36/07d2c4e0230407419c10d3aa7c5035e023d9f70f07f4da2266fa0108109c/ty-0.0.1a23-py3-none-musllinux_1_2_x86_64.whl", hash = "sha256:ef52c927ed6b5ebec290332ded02ce49ffdb3576683920b7013a7b2cd6bd5685", size = 8978349, upload-time = "2025-10-16T18:18:51.299Z" },
    { url = "https://files.pythonhosted.org/packages/7b/f9/abf666971434ea259a8d2006d2943eac0727a14aeccd24359341d377c2d1/ty-0.0.1a23-py3-none-win32.whl", hash = "sha256:0cc7500131a6a533d4000401026427cd538e33fda4e9004d7ad0db5a6f5500b1", size = 8279664, upload-time = "2025-10-16T18:18:53.132Z" },
    { url = "https://files.pythonhosted.org/packages/c6/3d/cb99e90adba6296f260ceaf3d02cc20563ec623b23a92ab94d17791cb537/ty-0.0.1a23-py3-none-win_amd64.whl", hash = "sha256:c89564e90dcc2f9564564d4a02cd703ed71cd9ccbb5a6a38ee49c44d86375f24", size = 8912398, upload-time = "2025-10-16T18:18:55.585Z" },
    { url = "https://files.pythonhosted.org/packages/77/33/9fffb57f66317082fe3de4d08bb71557105c47676a114bdc9d52f6d3a910/ty-0.0.1a23-py3-none-win_arm64.whl", hash = "sha256:71aa203d6ae4de863a7f4626a8fe5f723beaa219988d176a6667f021b78a2af3", size = 8400343, upload-time = "2025-10-16T18:18:57.387Z" },
]

[[package]]
name = "typing-extensions"
version = "4.15.0"
source = { registry = "https://pypi.org/simple" }
sdist = { url = "https://files.pythonhosted.org/packages/72/94/1a15dd82efb362ac84269196e94cf00f187f7ed21c242792a923cdb1c61f/typing_extensions-4.15.0.tar.gz", hash = "sha256:0cea48d173cc12fa28ecabc3b837ea3cf6f38c6d1136f85cbaaf598984861466", size = 109391, upload-time = "2025-08-25T13:49:26.313Z" }
wheels = [
    { url = "https://files.pythonhosted.org/packages/18/67/36e9267722cc04a6b9f15c7f3441c2363321a3ea07da7ae0c0707beb2a9c/typing_extensions-4.15.0-py3-none-any.whl", hash = "sha256:f0fa19c6845758ab08074a0cfa8b7aecb71c999ca73d62883bc25cc018c4e548", size = 44614, upload-time = "2025-08-25T13:49:24.86Z" },
]

[[package]]
name = "uv"
version = "0.9.3"
source = { registry = "https://pypi.org/simple" }
sdist = { url = "https://files.pythonhosted.org/packages/0d/dc/4a0e01bcb38c756130c8118a8561d4bf0a0bb685b70ad11e8f40a0cbfa10/uv-0.9.3.tar.gz", hash = "sha256:a290a1a8783bf04ca2d4a63d5d72191b255dfa4cc3426a9c9b5af4da49a7b5af", size = 3699151, upload-time = "2025-10-15T15:20:15.498Z" }
wheels = [
    { url = "https://files.pythonhosted.org/packages/c3/ad/194e550062e4b3b9a74cb06401dc0afd83490af8e2ec0f414737868d0262/uv-0.9.3-py3-none-linux_armv6l.whl", hash = "sha256:7b1b79dd435ade1de97c6f0b8b90811a6ccf1bd0bdd70f4d034a93696cf0d0a3", size = 20584531, upload-time = "2025-10-15T15:19:14.26Z" },
    { url = "https://files.pythonhosted.org/packages/d0/1a/8e68d0020c29f6f329a265773c23b0c01e002794ea884b8bdbd594c7ea97/uv-0.9.3-py3-none-macosx_10_12_x86_64.whl", hash = "sha256:596a982c5a061d58412824a2ebe2960b52db23f1b1658083ba9c0e7ae390308a", size = 19577639, upload-time = "2025-10-15T15:19:18.668Z" },
    { url = "https://files.pythonhosted.org/packages/16/25/6df8be6cd549200e80d19374579689fda39b18735afde841345284fb113d/uv-0.9.3-py3-none-macosx_11_0_arm64.whl", hash = "sha256:741e80c4230e1b9a5d0869aca2fb082b3832b251ef61537bc9278364b8e74df2", size = 18210073, upload-time = "2025-10-15T15:19:22.16Z" },
    { url = "https://files.pythonhosted.org/packages/07/19/bb8aa38b4441e03c742e71a31779f91b42d9db255ede66f80cdfdb672618/uv-0.9.3-py3-none-manylinux_2_17_aarch64.manylinux2014_aarch64.musllinux_1_1_aarch64.whl", hash = "sha256:406ab1a8b313b4b3cf67ad747fb8713a0c0cf3d3daf11942b5a4e49f60882339", size = 20022427, upload-time = "2025-10-15T15:19:25.453Z" },
    { url = "https://files.pythonhosted.org/packages/40/15/f190004dd855b443cfc1cc36edb1765e6cd0b6b340a50bb8015531dfff2e/uv-0.9.3-py3-none-manylinux_2_17_armv7l.manylinux2014_armv7l.whl", hash = "sha256:73dbd91581a82e53bb4352243d7bc491cf78ac3ebb951d95bb8b7964e5ee0659", size = 20150307, upload-time = "2025-10-15T15:19:28.99Z" },
    { url = "https://files.pythonhosted.org/packages/dd/55/553e90bc2b881f168de9cd57f9e0b0464304a12aee289e71b54c42559e1a/uv-0.9.3-py3-none-manylinux_2_17_i686.manylinux2014_i686.whl", hash = "sha256:970ac8428678b92eddb990dc132d75e893234bb1b809e87b90a4acd96bb054e4", size = 21152942, upload-time = "2025-10-15T15:19:32.461Z" },
    { url = "https://files.pythonhosted.org/packages/30/fb/768647a31622c2c1da7a9394eaab937e2e7ca0e8c983ca3d1918ec623620/uv-0.9.3-py3-none-manylinux_2_17_ppc64.manylinux2014_ppc64.whl", hash = "sha256:32694e64d6e4ea44b647866c4240659f3964b0317e98f539b73915dbcca7d973", size = 22632018, upload-time = "2025-10-15T15:19:36.091Z" },
    { url = "https://files.pythonhosted.org/packages/98/92/66d660414aed123686bf9a2a3ea167967b847b97c08cacd13d6b2b6d1267/uv-0.9.3-py3-none-manylinux_2_17_ppc64le.manylinux2014_ppc64le.whl", hash = "sha256:36df7eb562b103e3263a03df1b04cee91ee52af88d005d07ee494137c7a5782a", size = 22241856, upload-time = "2025-10-15T15:19:39.662Z" },
    { url = "https://files.pythonhosted.org/packages/0d/99/af8b0cd2c958e8cb9c20e6e2d417de9476338a2b155643492a8ee2baf077/uv-0.9.3-py3-none-manylinux_2_17_s390x.manylinux2014_s390x.whl", hash = "sha256:117c5921bcfdac04b88211ee830c6c7e412eaf93a34aa3ad4bb3230bc61646aa", size = 21391699, upload-time = "2025-10-15T15:19:42.933Z" },
    { url = "https://files.pythonhosted.org/packages/82/45/488417c6c0127c00bcdfac3556ae2ea0597df8245fe5f9bcfda35ebdbe85/uv-0.9.3-py3-none-manylinux_2_17_x86_64.manylinux2014_x86_64.whl", hash = "sha256:73ae4bbc7d555ba1738da08c64b55f21ab0ea0ff85636708cebaf460d98a440d", size = 21318117, upload-time = "2025-10-15T15:19:46.341Z" },
    { url = "https://files.pythonhosted.org/packages/1d/62/508c20f8dbdd2342cc4821ab6f41e29a9b36e2a469dfb5cbbd042e15218c/uv-0.9.3-py3-none-manylinux_2_28_aarch64.whl", hash = "sha256:2e75ce14c9375e7e99422d5383fb415e8f0eab9ebdcdfba45756749dee0c42b2", size = 20132999, upload-time = "2025-10-15T15:19:49.578Z" },
    { url = "https://files.pythonhosted.org/packages/2d/fc/ea673d1c68915ea53f1ab7e134b330a2351c543f06e9d0009b4f27cc3057/uv-0.9.3-py3-none-manylinux_2_31_riscv64.whl", hash = "sha256:71faefa9805ccf3f2db645ae27c9e719e47aaa8781e43dfa3760d993aadecb8c", size = 21223810, upload-time = "2025-10-15T15:19:52.711Z" },
    { url = "https://files.pythonhosted.org/packages/97/1f/af8ced7f6c8f6af887c52369088058ecae92ff21819e385531023f9ec923/uv-0.9.3-py3-none-musllinux_1_1_armv7l.whl", hash = "sha256:8844103e0b4074821fb2814abf30af59d66f33b6ca1bb2276dd37d4e5997c292", size = 20156823, upload-time = "2025-10-15T15:19:56.552Z" },
    { url = "https://files.pythonhosted.org/packages/05/2d/e1d8f74ec9d95daf57f3c53083c98a2145ee895a4f8502c61c9013c9bf5a/uv-0.9.3-py3-none-musllinux_1_1_i686.whl", hash = "sha256:214bb2fb4d87a55e2ba2bc038a8b646a24ec66980528d2ed1e6e7d0612d246e1", size = 20564971, upload-time = "2025-10-15T15:20:00.012Z" },
    { url = "https://files.pythonhosted.org/packages/bc/04/4aaf90e031f0735795407a208c9528f85b0b27b63409abe4ee3bee0d4527/uv-0.9.3-py3-none-musllinux_1_1_x86_64.whl", hash = "sha256:ccf4cd2e1907fb011764f6f4bc0e514c500e8d300288f04a4680400d5aa205ec", size = 21506573, upload-time = "2025-10-15T15:20:03.304Z" },
    { url = "https://files.pythonhosted.org/packages/4e/7e/548f5c58b7130b62ef75ffc120919b45698179bc0efae0fb6bd32be2d634/uv-0.9.3-py3-none-win32.whl", hash = "sha256:5092d8ac9d0ff7d158ac0d834b27b39b7f23fdbf71865ac8b8bdb55db6f3f5c5", size = 19328674, upload-time = "2025-10-15T15:20:06.484Z" },
    { url = "https://files.pythonhosted.org/packages/87/cd/667f6249a9a3a8d2d7ba1aa72db6b1fc6cdaf7b0d7aeda43478702e2a13e/uv-0.9.3-py3-none-win_amd64.whl", hash = "sha256:55516bf85c44a00b948472ddda80d7c5cd9990e9b5c085dc5005da93f40266a7", size = 21346807, upload-time = "2025-10-15T15:20:09.889Z" },
    { url = "https://files.pythonhosted.org/packages/67/e7/485f57f3415593e4e96b312aa168b9ce6b66d72e89c8b1cb59b683522672/uv-0.9.3-py3-none-win_arm64.whl", hash = "sha256:7a63c2514833f80a006feef9b8adce1380e06a7945ceb80928d43ac8693b4dd6", size = 19824358, upload-time = "2025-10-15T15:20:13.2Z" },
]
